
Microsoft Visual Studio Solution File, Format Version 12.00
# Visual Studio Version 16
VisualStudioVersion = 16.0.31112.23
MinimumVisualStudioVersion = 10.0.40219.1
Project("{FAE04EC0-301F-11D3-BF4B-00C04F79EFBC}") = "bookies", "bookies.csproj", "{94FACD9A-FFC0-42AA-8847-955BE01C852D}"
EndProject
Global
	GlobalSection(SolutionConfigurationPlatforms) = preSolution
		Debug|Any CPU = Debug|Any CPU
		Release|Any CPU = Release|Any CPU
	EndGlobalSection
	GlobalSection(ProjectConfigurationPlatforms) = postSolution
		{94FACD9A-FFC0-42AA-8847-955BE01C852D}.Debug|Any CPU.ActiveCfg = Debug|Any CPU
		{94FACD9A-FFC0-42AA-8847-955BE01C852D}.Debug|Any CPU.Build.0 = Debug|Any CPU
		{94FACD9A-FFC0-42AA-8847-955BE01C852D}.Release|Any CPU.ActiveCfg = Release|Any CPU
		{94FACD9A-FFC0-42AA-8847-955BE01C852D}.Release|Any CPU.Build.0 = Release|Any CPU
	EndGlobalSection
	GlobalSection(SolutionProperties) = preSolution
		HideSolutionNode = FALSE
	EndGlobalSection
	GlobalSection(ExtensibilityGlobals) = postSolution
		SolutionGuid = {44F4EE96-55F4-4063-9038-4564469351A3}
	EndGlobalSection
EndGlobal
